{
    "_meta": {
        "hash": {
            "sha256": "b80eddd803e8a4142663a8b01548f2b08b3363aff63bc36e937b6cb12826c0bd"
        },
        "pipfile-spec": 6,
        "requires": {
            "python_version": "3.7"
        },
        "sources": [
            {
                "name": "pypi",
                "url": "https://pypi.org/simple",
                "verify_ssl": true
            }
        ]
    },
    "default": {
        "async-generator": {
            "hashes": [
                "sha256:01c7bf666359b4967d2cda0000cc2e4af16a0ae098cbffcb8472fb9e8ad6585b",
                "sha256:6ebb3d106c12920aaae42ccb6f787ef5eefdcdd166ea3d628fa8476abe712144"
            ],
            "version": "==1.10"
        },
        "attrs": {
            "hashes": [
                "sha256:08a96c641c3a74e44eb59afb61a24f2cb9f4d7188748e76ba4bb5edfa3cb7d1c",
                "sha256:f7b7ce16570fe9965acd6d30101a28f62fb4a7f9e926b3bbc9b61f8b04247e72"
            ],
            "index": "pypi",
            "version": "==19.3.0"
        },
        "blinker": {
            "hashes": [
                "sha256:471aee25f3992bd325afa3772f1063dbdbbca947a041b8b89466dc00d606f8b6"
            ],
            "index": "pypi",
            "version": "==1.4"
        },
        "idna": {
            "hashes": [
                "sha256:c357b3f628cf53ae2c4c05627ecc484553142ca23264e593d327bcde5e9c3407",
                "sha256:ea8b7f6188e6fa117537c3df7da9fc686d485087abf6ac197f9c46432f7e4a3c"
            ],
            "version": "==2.8"
        },
        "mido": {
            "hashes": [
                "sha256:c4a7d5528fefa3d3dcaa2056d4bc873e2c96a395658d15af5a89c8c3fa7c7acc",
                "sha256:fc6364efa028c8405166f63e6a83cbc6c17aaeac2c28680abe64ae48703a89dd"
            ],
            "index": "pypi",
            "version": "==1.2.9"
        },
        "outcome": {
            "hashes": [
                "sha256:7357af9ba2a08fdff8c742818909c5d146fc1fe75aee4bddadaa4f8ad726d262",
                "sha256:9d58c05db36a900ce60c6da0167d76e28869f64b338d60fa3a61841cfa54ac71"
            ],
            "version": "==1.0.0"
        },
        "pyserial": {
            "hashes": [
                "sha256:6e2d401fdee0eab996cf734e67773a0143b932772ca8b42451440cfed942c627",
                "sha256:e0770fadba80c31013896c7e6ef703f72e7834965954a78e71a3049488d4d7d8"
            ],
            "index": "pypi",
            "version": "==3.4"
        },
        "python-rtmidi": {
            "hashes": [
                "sha256:30d9fbb0070df100f58f6e93b8149aac2d435ae3b7d368e1fce9fd691184255c",
                "sha256:521f2ca02876fae4f3efe7b52dfd2ec7cdba809af07905bd3b25b5aee36eaa50",
                "sha256:67405b66ba90f8ef423974904ad12bf92d80fc14e4180d13a69e05d787a72849",
                "sha256:6a47a5e26675fba87fc90917c63139c8b3aa793bcb429f22fc52fffd87853f00",
                "sha256:7724252c7a2d407c510f089da321755dedbc05a864c1e97c034c807882c3234c",
                "sha256:977d93ad6b45b48efddb92aed7fd69e1a33ff5d7130399971101133ad673be3e",
                "sha256:ad2a5f0c14faf9810cc92d919096be7167eff8d4fd63abc5e2d7c20e5da9326c",
                "sha256:bee33b8c06431b0f5cfdf500c68e0562e1ec2bd46b8d883b216707f16d51e9a3",
                "sha256:d657e4f4ce4ad5b1c7ee738540889c031344c59159483bdbb65dab6c8459c746",
                "sha256:e516a7f876381667eba82417254bb8d138c17dc7666fd70212d839813b60ea19",
                "sha256:f9d2a1b5374b2e6856006537b6d4d5ceed4db4c4ee60caec4af83707a78297e4",
                "sha256:ffaed4e6654f5b7458e622146f5cd9253b1ca2986a118b9a86546111b1a55731"
            ],
            "index": "pypi",
            "version": "==1.3.1"
        },
        "sniffio": {
            "hashes": [
                "sha256:20ed6d5b46f8ae136d00b9dcb807615d83ed82ceea6b2058cecb696765246da5",
                "sha256:8e3810100f69fe0edd463d02ad407112542a11ffdc29f67db2bf3771afb87a21"
            ],
            "version": "==1.1.0"
        },
        "sortedcontainers": {
            "hashes": [
                "sha256:974e9a32f56b17c1bac2aebd9dcf197f3eb9cd30553c5852a3187ad162e1a03a",
                "sha256:d9e96492dd51fae31e60837736b38fe42a187b5404c16606ff7ee7cd582d4c60"
            ],
            "version": "==2.1.0"
        },
        "trio": {
            "hashes": [
                "sha256:149a280a4c66ef08d058626e3f48bf979e6e079777d1fc5cae71676586ced672",
                "sha256:d2c7dfd60e4b2a87a8ba6e106e5c5bd743df729cff444e532a76c410b22d6658"
            ],
            "index": "pypi",
            "version": "==0.12.1"
        },
        "trio-util": {
            "hashes": [
                "sha256:418868667c47ac74978876ff73615eebdf6cdb13a1d171c03d7268bd3e676726",
                "sha256:cf1b90961e39084effc9ad224cd14175ddf5f685627b7f329b08ed22ddb559d4"
            ],
            "index": "pypi",
            "version": "==0.1.0"
        }
    },
    "develop": {}
}
